
Microsoft Visual Studio Solution File, Format Version 12.00
# Visual Studio Version 16
VisualStudioVersion = 16.0.29613.14
MinimumVisualStudioVersion = 10.0.40219.1
Project("{FAE04EC0-301F-11D3-BF4B-00C04F79EFBC}") = "Covid", "Covid\Covid.csproj", "{CDD88856-0A4B-4DE3-8356-92CFAFFA6F4B}"
EndProject
Global
	GlobalSection(SolutionConfigurationPlatforms) = preSolution
		Debug|Any CPU = Debug|Any CPU
		Release|Any CPU = Release|Any CPU
	EndGlobalSection
	GlobalSection(ProjectConfigurationPlatforms) = postSolution
		{CDD88856-0A4B-4DE3-8356-92CFAFFA6F4B}.Debug|Any CPU.ActiveCfg = Debug|Any CPU
		{CDD88856-0A4B-4DE3-8356-92CFAFFA6F4B}.Debug|Any CPU.Build.0 = Debug|Any CPU
		{CDD88856-0A4B-4DE3-8356-92CFAFFA6F4B}.Release|Any CPU.ActiveCfg = Release|Any CPU
		{CDD88856-0A4B-4DE3-8356-92CFAFFA6F4B}.Release|Any CPU.Build.0 = Release|Any CPU
	EndGlobalSection
	GlobalSection(SolutionProperties) = preSolution
		HideSolutionNode = FALSE
	EndGlobalSection
	GlobalSection(ExtensibilityGlobals) = postSolution
		SolutionGuid = {1ABA3576-E018-445C-ABF4-21A4A72B02CD}
	EndGlobalSection
EndGlobal
